
Microsoft Visual Studio Solution File, Format Version 12.00
# Visual Studio Version 16
VisualStudioVersion = 16.0.30011.22
MinimumVisualStudioVersion = 10.0.40219.1
Project("{9A19103F-16F7-4668-BE54-9A1E7A4F7556}") = "Api", "MessengerGamingPlatform\Api.csproj", "{30A6F32F-17DF-459E-8A0E-A448C9A438C7}"
EndProject
Project("{9A19103F-16F7-4668-BE54-9A1E7A4F7556}") = "MedievalBattle", "MedievalBattle\MedievalBattle.csproj", "{746149BF-C59C-4734-8203-8CD72D640FE1}"
EndProject
Project("{9A19103F-16F7-4668-BE54-9A1E7A4F7556}") = "Database", "Database\Database.csproj", "{A5A95D38-68D7-4EC9-B770-4C41831143A6}"
EndProject
Global
	GlobalSection(SolutionConfigurationPlatforms) = preSolution
		Debug|Any CPU = Debug|Any CPU
		Release|Any CPU = Release|Any CPU
	EndGlobalSection
	GlobalSection(ProjectConfigurationPlatforms) = postSolution
		{30A6F32F-17DF-459E-8A0E-A448C9A438C7}.Debug|Any CPU.ActiveCfg = Debug|Any CPU
		{30A6F32F-17DF-459E-8A0E-A448C9A438C7}.Debug|Any CPU.Build.0 = Debug|Any CPU
		{30A6F32F-17DF-459E-8A0E-A448C9A438C7}.Release|Any CPU.ActiveCfg = Release|Any CPU
		{30A6F32F-17DF-459E-8A0E-A448C9A438C7}.Release|Any CPU.Build.0 = Release|Any CPU
		{746149BF-C59C-4734-8203-8CD72D640FE1}.Debug|Any CPU.ActiveCfg = Debug|Any CPU
		{746149BF-C59C-4734-8203-8CD72D640FE1}.Debug|Any CPU.Build.0 = Debug|Any CPU
		{746149BF-C59C-4734-8203-8CD72D640FE1}.Release|Any CPU.ActiveCfg = Release|Any CPU
		{746149BF-C59C-4734-8203-8CD72D640FE1}.Release|Any CPU.Build.0 = Release|Any CPU
		{A5A95D38-68D7-4EC9-B770-4C41831143A6}.Debug|Any CPU.ActiveCfg = Debug|Any CPU
		{A5A95D38-68D7-4EC9-B770-4C41831143A6}.Debug|Any CPU.Build.0 = Debug|Any CPU
		{A5A95D38-68D7-4EC9-B770-4C41831143A6}.Release|Any CPU.ActiveCfg = Release|Any CPU
		{A5A95D38-68D7-4EC9-B770-4C41831143A6}.Release|Any CPU.Build.0 = Release|Any CPU
	EndGlobalSection
	GlobalSection(SolutionProperties) = preSolution
		HideSolutionNode = FALSE
	EndGlobalSection
	GlobalSection(ExtensibilityGlobals) = postSolution
		SolutionGuid = {B7C2EAD7-CA73-463F-BE7C-BA8A474EA62F}
	EndGlobalSection
EndGlobal
