
Microsoft Visual Studio Solution File, Format Version 12.00
# Visual Studio Version 16
VisualStudioVersion = 16.0.30204.135
MinimumVisualStudioVersion = 10.0.40219.1
Project("{FAE04EC0-301F-11D3-BF4B-00C04F79EFBC}") = "Fighter", "Fighter\Fighter.csproj", "{BBEF8DE7-36F9-42DF-BEC8-3E46DEB4E628}"
EndProject
Global
	GlobalSection(SolutionConfigurationPlatforms) = preSolution
		Debug|Any CPU = Debug|Any CPU
		Release|Any CPU = Release|Any CPU
	EndGlobalSection
	GlobalSection(ProjectConfigurationPlatforms) = postSolution
		{BBEF8DE7-36F9-42DF-BEC8-3E46DEB4E628}.Debug|Any CPU.ActiveCfg = Debug|Any CPU
		{BBEF8DE7-36F9-42DF-BEC8-3E46DEB4E628}.Debug|Any CPU.Build.0 = Debug|Any CPU
		{BBEF8DE7-36F9-42DF-BEC8-3E46DEB4E628}.Release|Any CPU.ActiveCfg = Release|Any CPU
		{BBEF8DE7-36F9-42DF-BEC8-3E46DEB4E628}.Release|Any CPU.Build.0 = Release|Any CPU
	EndGlobalSection
	GlobalSection(SolutionProperties) = preSolution
		HideSolutionNode = FALSE
	EndGlobalSection
	GlobalSection(ExtensibilityGlobals) = postSolution
		SolutionGuid = {DC6354CC-C6B6-459E-A26A-473CC6514C60}
	EndGlobalSection
EndGlobal
